// !$*UTF8*$!
{
	archiveVersion = 1;
	classes = {
	};
	objectVersion = 51;
	objects = {

/* Begin PBXBuildFile section */
		14E7B75527B4042C00E23244 /* SignUpViewController.swift in Sources */ = {isa = PBXBuildFile; fileRef = 14E7B75427B4042C00E23244 /* SignUpViewController.swift */; };
		39F9A1FAF26AFD4E4EDE16BE /* Pods_RxReminder.framework in Frameworks */ = {isa = PBXBuildFile; fileRef = FA1FE468472583DBCCB43AEB /* Pods_RxReminder.framework */; };
		3DD8D6E5795E99AF9140AAF6 /* Pods_RxReminder.framework in Frameworks */ = {isa = PBXBuildFile; fileRef = D15BF79FF4276460345BC3B0 /* Pods_RxReminder.framework */; };
		83A7B6A5D8154C694241A102 /* Pods_RxReminder_RxReminderUITests.framework in Frameworks */ = {isa = PBXBuildFile; fileRef = BC2A882CCF19894886443959 /* Pods_RxReminder_RxReminderUITests.framework */; };
		8D1295867CB46A58009C9DF5 /* Pods_RxReminder_RxReminderUITests.framework in Frameworks */ = {isa = PBXBuildFile; fileRef = A8B585842119F127C31D1A75 /* Pods_RxReminder_RxReminderUITests.framework */; };
		A26C36CB46631FDAC4C72A75 /* Pods_RxReminderTests.framework in Frameworks */ = {isa = PBXBuildFile; fileRef = 433DF8081008194E8C3B4C06 /* Pods_RxReminderTests.framework */; };
		C400DE27BAAE06C4A55C2B7C /* Pods_RxReminderTests.framework in Frameworks */ = {isa = PBXBuildFile; fileRef = EC5BC006054E4A26498C135D /* Pods_RxReminderTests.framework */; };
		C713566827C36624005AD2E1 /* ReminderListCell.swift in Sources */ = {isa = PBXBuildFile; fileRef = C713566527C36624005AD2E1 /* ReminderListCell.swift */; };
		C713566927C36624005AD2E1 /* Reminder.swift in Sources */ = {isa = PBXBuildFile; fileRef = C713566627C36624005AD2E1 /* Reminder.swift */; };
		C713566A27C36624005AD2E1 /* ReminderListViewController.swift in Sources */ = {isa = PBXBuildFile; fileRef = C713566727C36624005AD2E1 /* ReminderListViewController.swift */; };
		C713566C27C3664D005AD2E1 /* ListViewController.swift in Sources */ = {isa = PBXBuildFile; fileRef = C713566B27C3664D005AD2E1 /* ListViewController.swift */; };
		C713567127C36652005AD2E1 /* medList.swift in Sources */ = {isa = PBXBuildFile; fileRef = C713566E27C36652005AD2E1 /* medList.swift */; };
		C713567227C36652005AD2E1 /* medListFirebase.swift in Sources */ = {isa = PBXBuildFile; fileRef = C713566F27C36652005AD2E1 /* medListFirebase.swift */; };
		C713567327C36652005AD2E1 /* medListService.swift in Sources */ = {isa = PBXBuildFile; fileRef = C713567027C36652005AD2E1 /* medListService.swift */; };
		C713567527C36672005AD2E1 /* TableViewCell.swift in Sources */ = {isa = PBXBuildFile; fileRef = C713567427C36672005AD2E1 /* TableViewCell.swift */; };
		C7A1C53427B245D100A78B52 /* AppDelegate.swift in Sources */ = {isa = PBXBuildFile; fileRef = C7A1C53327B245D100A78B52 /* AppDelegate.swift */; };
		C7A1C53627B245D100A78B52 /* SceneDelegate.swift in Sources */ = {isa = PBXBuildFile; fileRef = C7A1C53527B245D100A78B52 /* SceneDelegate.swift */; };
		C7A1C53827B245D100A78B52 /* ViewController.swift in Sources */ = {isa = PBXBuildFile; fileRef = C7A1C53727B245D100A78B52 /* ViewController.swift */; };
		C7A1C53B27B245D100A78B52 /* Main.storyboard in Resources */ = {isa = PBXBuildFile; fileRef = C7A1C53927B245D100A78B52 /* Main.storyboard */; };
		C7A1C53D27B245D500A78B52 /* Assets.xcassets in Resources */ = {isa = PBXBuildFile; fileRef = C7A1C53C27B245D500A78B52 /* Assets.xcassets */; };
		C7A1C54027B245D500A78B52 /* LaunchScreen.storyboard in Resources */ = {isa = PBXBuildFile; fileRef = C7A1C53E27B245D500A78B52 /* LaunchScreen.storyboard */; };
		C7A1C54B27B245D500A78B52 /* RxReminderTests.swift in Sources */ = {isa = PBXBuildFile; fileRef = C7A1C54A27B245D500A78B52 /* RxReminderTests.swift */; };
		C7A1C55627B245D500A78B52 /* RxReminderUITests.swift in Sources */ = {isa = PBXBuildFile; fileRef = C7A1C55527B245D500A78B52 /* RxReminderUITests.swift */; };
		C7A1C56427B249C200A78B52 /* GoogleService-Info.plist in Resources */ = {isa = PBXBuildFile; fileRef = C7A1C56327B249C200A78B52 /* GoogleService-Info.plist */; };
/* End PBXBuildFile section */

/* Begin PBXContainerItemProxy section */
		C7A1C54727B245D500A78B52 /* PBXContainerItemProxy */ = {
			isa = PBXContainerItemProxy;
			containerPortal = C7A1C52827B245D100A78B52 /* Project object */;
			proxyType = 1;
			remoteGlobalIDString = C7A1C52F27B245D100A78B52;
			remoteInfo = RxReminder;
		};
		C7A1C55227B245D500A78B52 /* PBXContainerItemProxy */ = {
			isa = PBXContainerItemProxy;
			containerPortal = C7A1C52827B245D100A78B52 /* Project object */;
			proxyType = 1;
			remoteGlobalIDString = C7A1C52F27B245D100A78B52;
			remoteInfo = RxReminder;
		};
/* End PBXContainerItemProxy section */

/* Begin PBXFileReference section */
		14E7B75427B4042C00E23244 /* SignUpViewController.swift */ = {isa = PBXFileReference; lastKnownFileType = sourcecode.swift; path = SignUpViewController.swift; sourceTree = "<group>"; };
		1E9F22BF4869CC0A3E982EB3 /* Pods-RxReminder-RxReminderUITests.release.xcconfig */ = {isa = PBXFileReference; includeInIndex = 1; lastKnownFileType = text.xcconfig; name = "Pods-RxReminder-RxReminderUITests.release.xcconfig"; path = "Target Support Files/Pods-RxReminder-RxReminderUITests/Pods-RxReminder-RxReminderUITests.release.xcconfig"; sourceTree = "<group>"; };
		433DF8081008194E8C3B4C06 /* Pods_RxReminderTests.framework */ = {isa = PBXFileReference; explicitFileType = wrapper.framework; includeInIndex = 0; path = Pods_RxReminderTests.framework; sourceTree = BUILT_PRODUCTS_DIR; };
		59428121822C81300104D8C9 /* Pods-RxReminder.debug.xcconfig */ = {isa = PBXFileReference; includeInIndex = 1; lastKnownFileType = text.xcconfig; name = "Pods-RxReminder.debug.xcconfig"; path = "Target Support Files/Pods-RxReminder/Pods-RxReminder.debug.xcconfig"; sourceTree = "<group>"; };
		9421DC5FC12E1A9760E20AE6 /* Pods-RxReminder.release.xcconfig */ = {isa = PBXFileReference; includeInIndex = 1; lastKnownFileType = text.xcconfig; name = "Pods-RxReminder.release.xcconfig"; path = "Target Support Files/Pods-RxReminder/Pods-RxReminder.release.xcconfig"; sourceTree = "<group>"; };
		A8B585842119F127C31D1A75 /* Pods_RxReminder_RxReminderUITests.framework */ = {isa = PBXFileReference; explicitFileType = wrapper.framework; includeInIndex = 0; path = Pods_RxReminder_RxReminderUITests.framework; sourceTree = BUILT_PRODUCTS_DIR; };
		AD51EAA864AAA232C6CDA17E /* Pods-RxReminderTests.debug.xcconfig */ = {isa = PBXFileReference; includeInIndex = 1; lastKnownFileType = text.xcconfig; name = "Pods-RxReminderTests.debug.xcconfig"; path = "Target Support Files/Pods-RxReminderTests/Pods-RxReminderTests.debug.xcconfig"; sourceTree = "<group>"; };
		BC2A882CCF19894886443959 /* Pods_RxReminder_RxReminderUITests.framework */ = {isa = PBXFileReference; explicitFileType = wrapper.framework; includeInIndex = 0; path = Pods_RxReminder_RxReminderUITests.framework; sourceTree = BUILT_PRODUCTS_DIR; };
		C713566527C36624005AD2E1 /* ReminderListCell.swift */ = {isa = PBXFileReference; fileEncoding = 4; lastKnownFileType = sourcecode.swift; path = ReminderListCell.swift; sourceTree = "<group>"; };
		C713566627C36624005AD2E1 /* Reminder.swift */ = {isa = PBXFileReference; fileEncoding = 4; lastKnownFileType = sourcecode.swift; path = Reminder.swift; sourceTree = "<group>"; };
		C713566727C36624005AD2E1 /* ReminderListViewController.swift */ = {isa = PBXFileReference; fileEncoding = 4; lastKnownFileType = sourcecode.swift; path = ReminderListViewController.swift; sourceTree = "<group>"; };
		C713566B27C3664D005AD2E1 /* ListViewController.swift */ = {isa = PBXFileReference; fileEncoding = 4; lastKnownFileType = sourcecode.swift; path = ListViewController.swift; sourceTree = "<group>"; };
		C713566E27C36652005AD2E1 /* medList.swift */ = {isa = PBXFileReference; fileEncoding = 4; lastKnownFileType = sourcecode.swift; path = medList.swift; sourceTree = "<group>"; };
		C713566F27C36652005AD2E1 /* medListFirebase.swift */ = {isa = PBXFileReference; fileEncoding = 4; lastKnownFileType = sourcecode.swift; path = medListFirebase.swift; sourceTree = "<group>"; };
		C713567027C36652005AD2E1 /* medListService.swift */ = {isa = PBXFileReference; fileEncoding = 4; lastKnownFileType = sourcecode.swift; path = medListService.swift; sourceTree = "<group>"; };
		C713567427C36672005AD2E1 /* TableViewCell.swift */ = {isa = PBXFileReference; fileEncoding = 4; lastKnownFileType = sourcecode.swift; path = TableViewCell.swift; sourceTree = "<group>"; };
		C7A1C53027B245D100A78B52 /* RxReminder.app */ = {isa = PBXFileReference; explicitFileType = wrapper.application; includeInIndex = 0; path = RxReminder.app; sourceTree = BUILT_PRODUCTS_DIR; };
		C7A1C53327B245D100A78B52 /* AppDelegate.swift */ = {isa = PBXFileReference; lastKnownFileType = sourcecode.swift; path = AppDelegate.swift; sourceTree = "<group>"; };
		C7A1C53527B245D100A78B52 /* SceneDelegate.swift */ = {isa = PBXFileReference; lastKnownFileType = sourcecode.swift; path = SceneDelegate.swift; sourceTree = "<group>"; };
		C7A1C53727B245D100A78B52 /* ViewController.swift */ = {isa = PBXFileReference; lastKnownFileType = sourcecode.swift; path = ViewController.swift; sourceTree = "<group>"; };
		C7A1C53A27B245D100A78B52 /* Base */ = {isa = PBXFileReference; lastKnownFileType = file.storyboard; name = Base; path = Base.lproj/Main.storyboard; sourceTree = "<group>"; };
		C7A1C53C27B245D500A78B52 /* Assets.xcassets */ = {isa = PBXFileReference; lastKnownFileType = folder.assetcatalog; path = Assets.xcassets; sourceTree = "<group>"; };
		C7A1C53F27B245D500A78B52 /* Base */ = {isa = PBXFileReference; lastKnownFileType = file.storyboard; name = Base; path = Base.lproj/LaunchScreen.storyboard; sourceTree = "<group>"; };
		C7A1C54127B245D500A78B52 /* Info.plist */ = {isa = PBXFileReference; lastKnownFileType = text.plist.xml; path = Info.plist; sourceTree = "<group>"; };
		C7A1C54627B245D500A78B52 /* RxReminderTests.xctest */ = {isa = PBXFileReference; explicitFileType = wrapper.cfbundle; includeInIndex = 0; path = RxReminderTests.xctest; sourceTree = BUILT_PRODUCTS_DIR; };
		C7A1C54A27B245D500A78B52 /* RxReminderTests.swift */ = {isa = PBXFileReference; lastKnownFileType = sourcecode.swift; path = RxReminderTests.swift; sourceTree = "<group>"; };
		C7A1C54C27B245D500A78B52 /* Info.plist */ = {isa = PBXFileReference; lastKnownFileType = text.plist.xml; path = Info.plist; sourceTree = "<group>"; };
		C7A1C55127B245D500A78B52 /* RxReminderUITests.xctest */ = {isa = PBXFileReference; explicitFileType = wrapper.cfbundle; includeInIndex = 0; path = RxReminderUITests.xctest; sourceTree = BUILT_PRODUCTS_DIR; };
		C7A1C55527B245D500A78B52 /* RxReminderUITests.swift */ = {isa = PBXFileReference; lastKnownFileType = sourcecode.swift; path = RxReminderUITests.swift; sourceTree = "<group>"; };
		C7A1C55727B245D500A78B52 /* Info.plist */ = {isa = PBXFileReference; lastKnownFileType = text.plist.xml; path = Info.plist; sourceTree = "<group>"; };
		C7A1C56327B249C200A78B52 /* GoogleService-Info.plist */ = {isa = PBXFileReference; fileEncoding = 4; lastKnownFileType = text.plist.xml; path = "GoogleService-Info.plist"; sourceTree = "<group>"; };
		D15BF79FF4276460345BC3B0 /* Pods_RxReminder.framework */ = {isa = PBXFileReference; explicitFileType = wrapper.framework; includeInIndex = 0; path = Pods_RxReminder.framework; sourceTree = BUILT_PRODUCTS_DIR; };
		EC5BC006054E4A26498C135D /* Pods_RxReminderTests.framework */ = {isa = PBXFileReference; explicitFileType = wrapper.framework; includeInIndex = 0; path = Pods_RxReminderTests.framework; sourceTree = BUILT_PRODUCTS_DIR; };
		FA1FE468472583DBCCB43AEB /* Pods_RxReminder.framework */ = {isa = PBXFileReference; explicitFileType = wrapper.framework; includeInIndex = 0; path = Pods_RxReminder.framework; sourceTree = BUILT_PRODUCTS_DIR; };
		FAF28690842F8AAB561C2403 /* Pods-RxReminderTests.release.xcconfig */ = {isa = PBXFileReference; includeInIndex = 1; lastKnownFileType = text.xcconfig; name = "Pods-RxReminderTests.release.xcconfig"; path = "Target Support Files/Pods-RxReminderTests/Pods-RxReminderTests.release.xcconfig"; sourceTree = "<group>"; };
		FFAD1A8E77C2F925D9CA07ED /* Pods-RxReminder-RxReminderUITests.debug.xcconfig */ = {isa = PBXFileReference; includeInIndex = 1; lastKnownFileType = text.xcconfig; name = "Pods-RxReminder-RxReminderUITests.debug.xcconfig"; path = "Target Support Files/Pods-RxReminder-RxReminderUITests/Pods-RxReminder-RxReminderUITests.debug.xcconfig"; sourceTree = "<group>"; };
/* End PBXFileReference section */

/* Begin PBXFrameworksBuildPhase section */
		C7A1C52D27B245D100A78B52 /* Frameworks */ = {
			isa = PBXFrameworksBuildPhase;
			buildActionMask = 2147483647;
			files = (
				3DD8D6E5795E99AF9140AAF6 /* Pods_RxReminder.framework in Frameworks */,
				39F9A1FAF26AFD4E4EDE16BE /* Pods_RxReminder.framework in Frameworks */,
			);
			runOnlyForDeploymentPostprocessing = 0;
		};
		C7A1C54327B245D500A78B52 /* Frameworks */ = {
			isa = PBXFrameworksBuildPhase;
			buildActionMask = 2147483647;
			files = (
				C400DE27BAAE06C4A55C2B7C /* Pods_RxReminderTests.framework in Frameworks */,
				A26C36CB46631FDAC4C72A75 /* Pods_RxReminderTests.framework in Frameworks */,
			);
			runOnlyForDeploymentPostprocessing = 0;
		};
		C7A1C54E27B245D500A78B52 /* Frameworks */ = {
			isa = PBXFrameworksBuildPhase;
			buildActionMask = 2147483647;
			files = (
				83A7B6A5D8154C694241A102 /* Pods_RxReminder_RxReminderUITests.framework in Frameworks */,
				8D1295867CB46A58009C9DF5 /* Pods_RxReminder_RxReminderUITests.framework in Frameworks */,
			);
			runOnlyForDeploymentPostprocessing = 0;
		};
/* End PBXFrameworksBuildPhase section */

/* Begin PBXGroup section */
		446B1EE2BC725D233F4CE851 /* Pods */ = {
			isa = PBXGroup;
			children = (
				8D2BA2D99EC4C74C751C567D /* Frameworks */,
				59428121822C81300104D8C9 /* Pods-RxReminder.debug.xcconfig */,
				9421DC5FC12E1A9760E20AE6 /* Pods-RxReminder.release.xcconfig */,
				FFAD1A8E77C2F925D9CA07ED /* Pods-RxReminder-RxReminderUITests.debug.xcconfig */,
				1E9F22BF4869CC0A3E982EB3 /* Pods-RxReminder-RxReminderUITests.release.xcconfig */,
				AD51EAA864AAA232C6CDA17E /* Pods-RxReminderTests.debug.xcconfig */,
				FAF28690842F8AAB561C2403 /* Pods-RxReminderTests.release.xcconfig */,
			);
			path = Pods;
			sourceTree = "<group>";
		};
		82610EFB5CE00B6ABB12510A /* Frameworks */ = {
			isa = PBXGroup;
			children = (
				FA1FE468472583DBCCB43AEB /* Pods_RxReminder.framework */,
				A8B585842119F127C31D1A75 /* Pods_RxReminder_RxReminderUITests.framework */,
				433DF8081008194E8C3B4C06 /* Pods_RxReminderTests.framework */,
			);
			name = Frameworks;
			sourceTree = "<group>";
		};
		8D2BA2D99EC4C74C751C567D /* Frameworks */ = {
			isa = PBXGroup;
			children = (
				D15BF79FF4276460345BC3B0 /* Pods_RxReminder.framework */,
				BC2A882CCF19894886443959 /* Pods_RxReminder_RxReminderUITests.framework */,
				EC5BC006054E4A26498C135D /* Pods_RxReminderTests.framework */,
			);
			name = Frameworks;
			path = ..;
			sourceTree = "<group>";
		};
		C713566427C36624005AD2E1 /* HomeScreenNew */ = {
			isa = PBXGroup;
			children = (
				C713566527C36624005AD2E1 /* ReminderListCell.swift */,
				C713566627C36624005AD2E1 /* Reminder.swift */,
				C713566727C36624005AD2E1 /* ReminderListViewController.swift */,
			);
			path = HomeScreenNew;
			sourceTree = "<group>";
		};
		C713566D27C36652005AD2E1 /* medList */ = {
			isa = PBXGroup;
			children = (
				C713566E27C36652005AD2E1 /* medList.swift */,
				C713566F27C36652005AD2E1 /* medListFirebase.swift */,
				C713567027C36652005AD2E1 /* medListService.swift */,
			);
			path = medList;
			sourceTree = "<group>";
		};
		C7A1C52727B245D100A78B52 = {
			isa = PBXGroup;
			children = (
				C7A1C53227B245D100A78B52 /* RxReminder */,
				C7A1C54927B245D500A78B52 /* RxReminderTests */,
				C7A1C55427B245D500A78B52 /* RxReminderUITests */,
				C7A1C53127B245D100A78B52 /* Products */,
				446B1EE2BC725D233F4CE851 /* Pods */,
				82610EFB5CE00B6ABB12510A /* Frameworks */,
			);
			sourceTree = "<group>";
		};
		C7A1C53127B245D100A78B52 /* Products */ = {
			isa = PBXGroup;
			children = (
				C7A1C53027B245D100A78B52 /* RxReminder.app */,
				C7A1C54627B245D500A78B52 /* RxReminderTests.xctest */,
				C7A1C55127B245D500A78B52 /* RxReminderUITests.xctest */,
			);
			name = Products;
			sourceTree = "<group>";
		};
		C7A1C53227B245D100A78B52 /* RxReminder */ = {
			isa = PBXGroup;
			children = (
				C7A1C53327B245D100A78B52 /* AppDelegate.swift */,
				C7A1C53527B245D100A78B52 /* SceneDelegate.swift */,
				C7A1C53727B245D100A78B52 /* ViewController.swift */,
				C7A1C56327B249C200A78B52 /* GoogleService-Info.plist */,
				C7A1C53927B245D100A78B52 /* Main.storyboard */,
				C7A1C53C27B245D500A78B52 /* Assets.xcassets */,
				C713566427C36624005AD2E1 /* HomeScreenNew */,
				C7A1C53E27B245D500A78B52 /* LaunchScreen.storyboard */,
				C713567427C36672005AD2E1 /* TableViewCell.swift */,
				C7A1C54127B245D500A78B52 /* Info.plist */,
				C713566B27C3664D005AD2E1 /* ListViewController.swift */,
				C713566D27C36652005AD2E1 /* medList */,
				14E7B75427B4042C00E23244 /* SignUpViewController.swift */,
			);
			path = RxReminder;
			sourceTree = "<group>";
		};
		C7A1C54927B245D500A78B52 /* RxReminderTests */ = {
			isa = PBXGroup;
			children = (
				C7A1C54A27B245D500A78B52 /* RxReminderTests.swift */,
				C7A1C54C27B245D500A78B52 /* Info.plist */,
			);
			path = RxReminderTests;
			sourceTree = "<group>";
		};
		C7A1C55427B245D500A78B52 /* RxReminderUITests */ = {
			isa = PBXGroup;
			children = (
				C7A1C55527B245D500A78B52 /* RxReminderUITests.swift */,
				C7A1C55727B245D500A78B52 /* Info.plist */,
			);
			path = RxReminderUITests;
			sourceTree = "<group>";
		};
/* End PBXGroup section */

/* Begin PBXNativeTarget section */
		C7A1C52F27B245D100A78B52 /* RxReminder */ = {
			isa = PBXNativeTarget;
			buildConfigurationList = C7A1C55A27B245D500A78B52 /* Build configuration list for PBXNativeTarget "RxReminder" */;
			buildPhases = (
				E0D518A42609C3A763C1D645 /* [CP] Check Pods Manifest.lock */,
				C7A1C52C27B245D100A78B52 /* Sources */,
				C7A1C52D27B245D100A78B52 /* Frameworks */,
				C7A1C52E27B245D100A78B52 /* Resources */,
				52796E6936BDAFABAED3F06A /* [CP] Embed Pods Frameworks */,
			);
			buildRules = (
			);
			dependencies = (
			);
			name = RxReminder;
			productName = RxReminder;
			productReference = C7A1C53027B245D100A78B52 /* RxReminder.app */;
			productType = "com.apple.product-type.application";
		};
		C7A1C54527B245D500A78B52 /* RxReminderTests */ = {
			isa = PBXNativeTarget;
			buildConfigurationList = C7A1C55D27B245D500A78B52 /* Build configuration list for PBXNativeTarget "RxReminderTests" */;
			buildPhases = (
				D5CDEE12FA3BE3CD3C5B5625 /* [CP] Check Pods Manifest.lock */,
				C7A1C54227B245D500A78B52 /* Sources */,
				C7A1C54327B245D500A78B52 /* Frameworks */,
				C7A1C54427B245D500A78B52 /* Resources */,
			);
			buildRules = (
			);
			dependencies = (
				C7A1C54827B245D500A78B52 /* PBXTargetDependency */,
			);
			name = RxReminderTests;
			productName = RxReminderTests;
			productReference = C7A1C54627B245D500A78B52 /* RxReminderTests.xctest */;
			productType = "com.apple.product-type.bundle.unit-test";
		};
		C7A1C55027B245D500A78B52 /* RxReminderUITests */ = {
			isa = PBXNativeTarget;
			buildConfigurationList = C7A1C56027B245D500A78B52 /* Build configuration list for PBXNativeTarget "RxReminderUITests" */;
			buildPhases = (
				A2E7AF4B94F6A05518FA4542 /* [CP] Check Pods Manifest.lock */,
				C7A1C54D27B245D500A78B52 /* Sources */,
				C7A1C54E27B245D500A78B52 /* Frameworks */,
				C7A1C54F27B245D500A78B52 /* Resources */,
				F1ABC671014018F8619021CA /* [CP] Embed Pods Frameworks */,
			);
			buildRules = (
			);
			dependencies = (
				C7A1C55327B245D500A78B52 /* PBXTargetDependency */,
			);
			name = RxReminderUITests;
			productName = RxReminderUITests;
			productReference = C7A1C55127B245D500A78B52 /* RxReminderUITests.xctest */;
			productType = "com.apple.product-type.bundle.ui-testing";
		};
/* End PBXNativeTarget section */

/* Begin PBXProject section */
		C7A1C52827B245D100A78B52 /* Project object */ = {
			isa = PBXProject;
			attributes = {
				LastSwiftUpdateCheck = 1130;
				LastUpgradeCheck = 1130;
				ORGANIZATIONNAME = "Sanjida Nisha";
				TargetAttributes = {
					C7A1C52F27B245D100A78B52 = {
						CreatedOnToolsVersion = 11.3.1;
					};
					C7A1C54527B245D500A78B52 = {
						CreatedOnToolsVersion = 11.3.1;
						TestTargetID = C7A1C52F27B245D100A78B52;
					};
					C7A1C55027B245D500A78B52 = {
						CreatedOnToolsVersion = 11.3.1;
						TestTargetID = C7A1C52F27B245D100A78B52;
					};
				};
			};
			buildConfigurationList = C7A1C52B27B245D100A78B52 /* Build configuration list for PBXProject "RxReminder" */;
			compatibilityVersion = "Xcode 9.3";
			developmentRegion = en;
			hasScannedForEncodings = 0;
			knownRegions = (
				en,
				Base,
			);
			mainGroup = C7A1C52727B245D100A78B52;
			productRefGroup = C7A1C53127B245D100A78B52 /* Products */;
			projectDirPath = "";
			projectRoot = "";
			targets = (
				C7A1C52F27B245D100A78B52 /* RxReminder */,
				C7A1C54527B245D500A78B52 /* RxReminderTests */,
				C7A1C55027B245D500A78B52 /* RxReminderUITests */,
			);
		};
/* End PBXProject section */

/* Begin PBXResourcesBuildPhase section */
		C7A1C52E27B245D100A78B52 /* Resources */ = {
			isa = PBXResourcesBuildPhase;
			buildActionMask = 2147483647;
			files = (
				C7A1C54027B245D500A78B52 /* LaunchScreen.storyboard in Resources */,
				C7A1C56427B249C200A78B52 /* GoogleService-Info.plist in Resources */,
				C7A1C53D27B245D500A78B52 /* Assets.xcassets in Resources */,
				C7A1C53B27B245D100A78B52 /* Main.storyboard in Resources */,
			);
			runOnlyForDeploymentPostprocessing = 0;
		};
		C7A1C54427B245D500A78B52 /* Resources */ = {
			isa = PBXResourcesBuildPhase;
			buildActionMask = 2147483647;
			files = (
			);
			runOnlyForDeploymentPostprocessing = 0;
		};
		C7A1C54F27B245D500A78B52 /* Resources */ = {
			isa = PBXResourcesBuildPhase;
			buildActionMask = 2147483647;
			files = (
			);
			runOnlyForDeploymentPostprocessing = 0;
		};
/* End PBXResourcesBuildPhase section */

/* Begin PBXShellScriptBuildPhase section */
		52796E6936BDAFABAED3F06A /* [CP] Embed Pods Frameworks */ = {
			isa = PBXShellScriptBuildPhase;
			buildActionMask = 2147483647;
			files = (
			);
			inputFileListPaths = (
				"${PODS_ROOT}/Target Support Files/Pods-RxReminder/Pods-RxReminder-frameworks-${CONFIGURATION}-input-files.xcfilelist",
			);
			name = "[CP] Embed Pods Frameworks";
			outputFileListPaths = (
				"${PODS_ROOT}/Target Support Files/Pods-RxReminder/Pods-RxReminder-frameworks-${CONFIGURATION}-output-files.xcfilelist",
			);
			runOnlyForDeploymentPostprocessing = 0;
			shellPath = /bin/sh;
			shellScript = "\"${PODS_ROOT}/Target Support Files/Pods-RxReminder/Pods-RxReminder-frameworks.sh\"\n";
			showEnvVarsInLog = 0;
		};
		A2E7AF4B94F6A05518FA4542 /* [CP] Check Pods Manifest.lock */ = {
			isa = PBXShellScriptBuildPhase;
			buildActionMask = 2147483647;
			files = (
			);
			inputFileListPaths = (
			);
			inputPaths = (
				"${PODS_PODFILE_DIR_PATH}/Podfile.lock",
				"${PODS_ROOT}/Manifest.lock",
			);
			name = "[CP] Check Pods Manifest.lock";
			outputFileListPaths = (
			);
			outputPaths = (
				"$(DERIVED_FILE_DIR)/Pods-RxReminder-RxReminderUITests-checkManifestLockResult.txt",
			);
			runOnlyForDeploymentPostprocessing = 0;
			shellPath = /bin/sh;
			shellScript = "diff \"${PODS_PODFILE_DIR_PATH}/Podfile.lock\" \"${PODS_ROOT}/Manifest.lock\" > /dev/null\nif [ $? != 0 ] ; then\n    # print error to STDERR\n    echo \"error: The sandbox is not in sync with the Podfile.lock. Run 'pod install' or update your CocoaPods installation.\" >&2\n    exit 1\nfi\n# This output is used by Xcode 'outputs' to avoid re-running this script phase.\necho \"SUCCESS\" > \"${SCRIPT_OUTPUT_FILE_0}\"\n";
			showEnvVarsInLog = 0;
		};
		D5CDEE12FA3BE3CD3C5B5625 /* [CP] Check Pods Manifest.lock */ = {
			isa = PBXShellScriptBuildPhase;
			buildActionMask = 2147483647;
			files = (
			);
			inputFileListPaths = (
			);
			inputPaths = (
				"${PODS_PODFILE_DIR_PATH}/Podfile.lock",
				"${PODS_ROOT}/Manifest.lock",
			);
			name = "[CP] Check Pods Manifest.lock";
			outputFileListPaths = (
			);
			outputPaths = (
				"$(DERIVED_FILE_DIR)/Pods-RxReminderTests-checkManifestLockResult.txt",
			);
			runOnlyForDeploymentPostprocessing = 0;
			shellPath = /bin/sh;
			shellScript = "diff \"${PODS_PODFILE_DIR_PATH}/Podfile.lock\" \"${PODS_ROOT}/Manifest.lock\" > /dev/null\nif [ $? != 0 ] ; then\n    # print error to STDERR\n    echo \"error: The sandbox is not in sync with the Podfile.lock. Run 'pod install' or update your CocoaPods installation.\" >&2\n    exit 1\nfi\n# This output is used by Xcode 'outputs' to avoid re-running this script phase.\necho \"SUCCESS\" > \"${SCRIPT_OUTPUT_FILE_0}\"\n";
			showEnvVarsInLog = 0;
		};
		E0D518A42609C3A763C1D645 /* [CP] Check Pods Manifest.lock */ = {
			isa = PBXShellScriptBuildPhase;
			buildActionMask = 2147483647;
			files = (
			);
			inputFileListPaths = (
			);
			inputPaths = (
				"${PODS_PODFILE_DIR_PATH}/Podfile.lock",
				"${PODS_ROOT}/Manifest.lock",
			);
			name = "[CP] Check Pods Manifest.lock";
			outputFileListPaths = (
			);
			outputPaths = (
				"$(DERIVED_FILE_DIR)/Pods-RxReminder-checkManifestLockResult.txt",
			);
			runOnlyForDeploymentPostprocessing = 0;
			shellPath = /bin/sh;
			shellScript = "diff \"${PODS_PODFILE_DIR_PATH}/Podfile.lock\" \"${PODS_ROOT}/Manifest.lock\" > /dev/null\nif [ $? != 0 ] ; then\n    # print error to STDERR\n    echo \"error: The sandbox is not in sync with the Podfile.lock. Run 'pod install' or update your CocoaPods installation.\" >&2\n    exit 1\nfi\n# This output is used by Xcode 'outputs' to avoid re-running this script phase.\necho \"SUCCESS\" > \"${SCRIPT_OUTPUT_FILE_0}\"\n";
			showEnvVarsInLog = 0;
		};
		F1ABC671014018F8619021CA /* [CP] Embed Pods Frameworks */ = {
			isa = PBXShellScriptBuildPhase;
			buildActionMask = 2147483647;
			files = (
			);
			inputFileListPaths = (
				"${PODS_ROOT}/Target Support Files/Pods-RxReminder-RxReminderUITests/Pods-RxReminder-RxReminderUITests-frameworks-${CONFIGURATION}-input-files.xcfilelist",
			);
			name = "[CP] Embed Pods Frameworks";
			outputFileListPaths = (
				"${PODS_ROOT}/Target Support Files/Pods-RxReminder-RxReminderUITests/Pods-RxReminder-RxReminderUITests-frameworks-${CONFIGURATION}-output-files.xcfilelist",
			);
			runOnlyForDeploymentPostprocessing = 0;
			shellPath = /bin/sh;
			shellScript = "\"${PODS_ROOT}/Target Support Files/Pods-RxReminder-RxReminderUITests/Pods-RxReminder-RxReminderUITests-frameworks.sh\"\n";
			showEnvVarsInLog = 0;
		};
/* End PBXShellScriptBuildPhase section */

/* Begin PBXSourcesBuildPhase section */
		C7A1C52C27B245D100A78B52 /* Sources */ = {
			isa = PBXSourcesBuildPhase;
			buildActionMask = 2147483647;
			files = (
				C713567527C36672005AD2E1 /* TableViewCell.swift in Sources */,
				C713567127C36652005AD2E1 /* medList.swift in Sources */,
				C713566A27C36624005AD2E1 /* ReminderListViewController.swift in Sources */,
				C713567327C36652005AD2E1 /* medListService.swift in Sources */,
				C7A1C53827B245D100A78B52 /* ViewController.swift in Sources */,
				C713566927C36624005AD2E1 /* Reminder.swift in Sources */,
				C7A1C53427B245D100A78B52 /* AppDelegate.swift in Sources */,
				14E7B75527B4042C00E23244 /* SignUpViewController.swift in Sources */,
				C713567227C36652005AD2E1 /* medListFirebase.swift in Sources */,
				C713566C27C3664D005AD2E1 /* ListViewController.swift in Sources */,
				C7A1C53627B245D100A78B52 /* SceneDelegate.swift in Sources */,
				C713566827C36624005AD2E1 /* ReminderListCell.swift in Sources */,
			);
			runOnlyForDeploymentPostprocessing = 0;
		};
		C7A1C54227B245D500A78B52 /* Sources */ = {
			isa = PBXSourcesBuildPhase;
			buildActionMask = 2147483647;
			files = (
				C7A1C54B27B245D500A78B52 /* RxReminderTests.swift in Sources */,
			);
			runOnlyForDeploymentPostprocessing = 0;
		};
		C7A1C54D27B245D500A78B52 /* Sources */ = {
			isa = PBXSourcesBuildPhase;
			buildActionMask = 2147483647;
			files = (
				C7A1C55627B245D500A78B52 /* RxReminderUITests.swift in Sources */,
			);
			runOnlyForDeploymentPostprocessing = 0;
		};
/* End PBXSourcesBuildPhase section */

/* Begin PBXTargetDependency section */
		C7A1C54827B245D500A78B52 /* PBXTargetDependency */ = {
			isa = PBXTargetDependency;
			target = C7A1C52F27B245D100A78B52 /* RxReminder */;
			targetProxy = C7A1C54727B245D500A78B52 /* PBXContainerItemProxy */;
		};
		C7A1C55327B245D500A78B52 /* PBXTargetDependency */ = {
			isa = PBXTargetDependency;
			target = C7A1C52F27B245D100A78B52 /* RxReminder */;
			targetProxy = C7A1C55227B245D500A78B52 /* PBXContainerItemProxy */;
		};
/* End PBXTargetDependency section */

/* Begin PBXVariantGroup section */
		C7A1C53927B245D100A78B52 /* Main.storyboard */ = {
			isa = PBXVariantGroup;
			children = (
				C7A1C53A27B245D100A78B52 /* Base */,
			);
			name = Main.storyboard;
			sourceTree = "<group>";
		};
		C7A1C53E27B245D500A78B52 /* LaunchScreen.storyboard */ = {
			isa = PBXVariantGroup;
			children = (
				C7A1C53F27B245D500A78B52 /* Base */,
			);
			name = LaunchScreen.storyboard;
			sourceTree = "<group>";
		};
/* End PBXVariantGroup section */

/* Begin XCBuildConfiguration section */
		C7A1C55827B245D500A78B52 /* Debug */ = {
			isa = XCBuildConfiguration;
			buildSettings = {
				ALWAYS_SEARCH_USER_PATHS = NO;
				CLANG_ANALYZER_NONNULL = YES;
				CLANG_ANALYZER_NUMBER_OBJECT_CONVERSION = YES_AGGRESSIVE;
				CLANG_CXX_LANGUAGE_STANDARD = "gnu++14";
				CLANG_CXX_LIBRARY = "libc++";
				CLANG_ENABLE_MODULES = YES;
				CLANG_ENABLE_OBJC_ARC = YES;
				CLANG_ENABLE_OBJC_WEAK = YES;
				CLANG_WARN_BLOCK_CAPTURE_AUTORELEASING = YES;
				CLANG_WARN_BOOL_CONVERSION = YES;
				CLANG_WARN_COMMA = YES;
				CLANG_WARN_CONSTANT_CONVERSION = YES;
				CLANG_WARN_DEPRECATED_OBJC_IMPLEMENTATIONS = YES;
				CLANG_WARN_DIRECT_OBJC_ISA_USAGE = YES_ERROR;
				CLANG_WARN_DOCUMENTATION_COMMENTS = YES;
				CLANG_WARN_EMPTY_BODY = YES;
				CLANG_WARN_ENUM_CONVERSION = YES;
				CLANG_WARN_INFINITE_RECURSION = YES;
				CLANG_WARN_INT_CONVERSION = YES;
				CLANG_WARN_NON_LITERAL_NULL_CONVERSION = YES;
				CLANG_WARN_OBJC_IMPLICIT_RETAIN_SELF = YES;
				CLANG_WARN_OBJC_LITERAL_CONVERSION = YES;
				CLANG_WARN_OBJC_ROOT_CLASS = YES_ERROR;
				CLANG_WARN_RANGE_LOOP_ANALYSIS = YES;
				CLANG_WARN_STRICT_PROTOTYPES = YES;
				CLANG_WARN_SUSPICIOUS_MOVE = YES;
				CLANG_WARN_UNGUARDED_AVAILABILITY = YES_AGGRESSIVE;
				CLANG_WARN_UNREACHABLE_CODE = YES;
				CLANG_WARN__DUPLICATE_METHOD_MATCH = YES;
				COPY_PHASE_STRIP = NO;
				DEBUG_INFORMATION_FORMAT = dwarf;
				ENABLE_STRICT_OBJC_MSGSEND = YES;
				ENABLE_TESTABILITY = YES;
				GCC_C_LANGUAGE_STANDARD = gnu11;
				GCC_DYNAMIC_NO_PIC = NO;
				GCC_NO_COMMON_BLOCKS = YES;
				GCC_OPTIMIZATION_LEVEL = 0;
				GCC_PREPROCESSOR_DEFINITIONS = (
					"DEBUG=1",
					"$(inherited)",
				);
				GCC_WARN_64_TO_32_BIT_CONVERSION = YES;
				GCC_WARN_ABOUT_RETURN_TYPE = YES_ERROR;
				GCC_WARN_UNDECLARED_SELECTOR = YES;
				GCC_WARN_UNINITIALIZED_AUTOS = YES_AGGRESSIVE;
				GCC_WARN_UNUSED_FUNCTION = YES;
				GCC_WARN_UNUSED_VARIABLE = YES;
				IPHONEOS_DEPLOYMENT_TARGET = 13.2;
				MTL_ENABLE_DEBUG_INFO = INCLUDE_SOURCE;
				MTL_FAST_MATH = YES;
				ONLY_ACTIVE_ARCH = YES;
				SDKROOT = iphoneos;
				SWIFT_ACTIVE_COMPILATION_CONDITIONS = DEBUG;
				SWIFT_OPTIMIZATION_LEVEL = "-Onone";
			};
			name = Debug;
		};
		C7A1C55927B245D500A78B52 /* Release */ = {
			isa = XCBuildConfiguration;
			buildSettings = {
				ALWAYS_SEARCH_USER_PATHS = NO;
				CLANG_ANALYZER_NONNULL = YES;
				CLANG_ANALYZER_NUMBER_OBJECT_CONVERSION = YES_AGGRESSIVE;
				CLANG_CXX_LANGUAGE_STANDARD = "gnu++14";
				CLANG_CXX_LIBRARY = "libc++";
				CLANG_ENABLE_MODULES = YES;
				CLANG_ENABLE_OBJC_ARC = YES;
				CLANG_ENABLE_OBJC_WEAK = YES;
				CLANG_WARN_BLOCK_CAPTURE_AUTORELEASING = YES;
				CLANG_WARN_BOOL_CONVERSION = YES;
				CLANG_WARN_COMMA = YES;
				CLANG_WARN_CONSTANT_CONVERSION = YES;
				CLANG_WARN_DEPRECATED_OBJC_IMPLEMENTATIONS = YES;
				CLANG_WARN_DIRECT_OBJC_ISA_USAGE = YES_ERROR;
				CLANG_WARN_DOCUMENTATION_COMMENTS = YES;
				CLANG_WARN_EMPTY_BODY = YES;
				CLANG_WARN_ENUM_CONVERSION = YES;
				CLANG_WARN_INFINITE_RECURSION = YES;
				CLANG_WARN_INT_CONVERSION = YES;
				CLANG_WARN_NON_LITERAL_NULL_CONVERSION = YES;
				CLANG_WARN_OBJC_IMPLICIT_RETAIN_SELF = YES;
				CLANG_WARN_OBJC_LITERAL_CONVERSION = YES;
				CLANG_WARN_OBJC_ROOT_CLASS = YES_ERROR;
				CLANG_WARN_RANGE_LOOP_ANALYSIS = YES;
				CLANG_WARN_STRICT_PROTOTYPES = YES;
				CLANG_WARN_SUSPICIOUS_MOVE = YES;
				CLANG_WARN_UNGUARDED_AVAILABILITY = YES_AGGRESSIVE;
				CLANG_WARN_UNREACHABLE_CODE = YES;
				CLANG_WARN__DUPLICATE_METHOD_MATCH = YES;
				COPY_PHASE_STRIP = NO;
				DEBUG_INFORMATION_FORMAT = "dwarf-with-dsym";
				ENABLE_NS_ASSERTIONS = NO;
				ENABLE_STRICT_OBJC_MSGSEND = YES;
				GCC_C_LANGUAGE_STANDARD = gnu11;
				GCC_NO_COMMON_BLOCKS = YES;
				GCC_WARN_64_TO_32_BIT_CONVERSION = YES;
				GCC_WARN_ABOUT_RETURN_TYPE = YES_ERROR;
				GCC_WARN_UNDECLARED_SELECTOR = YES;
				GCC_WARN_UNINITIALIZED_AUTOS = YES_AGGRESSIVE;
				GCC_WARN_UNUSED_FUNCTION = YES;
				GCC_WARN_UNUSED_VARIABLE = YES;
				IPHONEOS_DEPLOYMENT_TARGET = 13.2;
				MTL_ENABLE_DEBUG_INFO = NO;
				MTL_FAST_MATH = YES;
				SDKROOT = iphoneos;
				SWIFT_COMPILATION_MODE = wholemodule;
				SWIFT_OPTIMIZATION_LEVEL = "-O";
				VALIDATE_PRODUCT = YES;
			};
			name = Release;
		};
		C7A1C55B27B245D500A78B52 /* Debug */ = {
			isa = XCBuildConfiguration;
			baseConfigurationReference = 59428121822C81300104D8C9 /* Pods-RxReminder.debug.xcconfig */;
			buildSettings = {
				ASSETCATALOG_COMPILER_APPICON_NAME = AppIcon;
				CODE_SIGN_STYLE = Automatic;
				INFOPLIST_FILE = RxReminder/Info.plist;
				LD_RUNPATH_SEARCH_PATHS = (
					"$(inherited)",
					"@executable_path/Frameworks",
				);
				PRODUCT_BUNDLE_IDENTIFIER = SanjidaNisha.RxReminder;
				PRODUCT_NAME = "$(TARGET_NAME)";
				SWIFT_VERSION = 5.0;
				TARGETED_DEVICE_FAMILY = "1,2";
			};
			name = Debug;
		};
		C7A1C55C27B245D500A78B52 /* Release */ = {
			isa = XCBuildConfiguration;
			baseConfigurationReference = 9421DC5FC12E1A9760E20AE6 /* Pods-RxReminder.release.xcconfig */;
			buildSettings = {
				ASSETCATALOG_COMPILER_APPICON_NAME = AppIcon;
				CODE_SIGN_STYLE = Automatic;
				INFOPLIST_FILE = RxReminder/Info.plist;
				LD_RUNPATH_SEARCH_PATHS = (
					"$(inherited)",
					"@executable_path/Frameworks",
				);
				PRODUCT_BUNDLE_IDENTIFIER = SanjidaNisha.RxReminder;
				PRODUCT_NAME = "$(TARGET_NAME)";
				SWIFT_VERSION = 5.0;
				TARGETED_DEVICE_FAMILY = "1,2";
			};
			name = Release;
		};
		C7A1C55E27B245D500A78B52 /* Debug */ = {
			isa = XCBuildConfiguration;
			baseConfigurationReference = AD51EAA864AAA232C6CDA17E /* Pods-RxReminderTests.debug.xcconfig */;
			buildSettings = {
				ALWAYS_EMBED_SWIFT_STANDARD_LIBRARIES = YES;
				BUNDLE_LOADER = "$(TEST_HOST)";
				CODE_SIGN_STYLE = Automatic;
				INFOPLIST_FILE = RxReminderTests/Info.plist;
				IPHONEOS_DEPLOYMENT_TARGET = 13.2;
				LD_RUNPATH_SEARCH_PATHS = (
					"$(inherited)",
					"@executable_path/Frameworks",
					"@loader_path/Frameworks",
				);
				PRODUCT_BUNDLE_IDENTIFIER = SanjidaNisha.RxReminderTests;
				PRODUCT_NAME = "$(TARGET_NAME)";
				SWIFT_VERSION = 5.0;
				TARGETED_DEVICE_FAMILY = "1,2";
				TEST_HOST = "$(BUILT_PRODUCTS_DIR)/RxReminder.app/RxReminder";
			};
			name = Debug;
		};
		C7A1C55F27B245D500A78B52 /* Release */ = {
			isa = XCBuildConfiguration;
			baseConfigurationReference = FAF28690842F8AAB561C2403 /* Pods-RxReminderTests.release.xcconfig */;
			buildSettings = {
				ALWAYS_EMBED_SWIFT_STANDARD_LIBRARIES = YES;
				BUNDLE_LOADER = "$(TEST_HOST)";
				CODE_SIGN_STYLE = Automatic;
				INFOPLIST_FILE = RxReminderTests/Info.plist;
				IPHONEOS_DEPLOYMENT_TARGET = 13.2;
				LD_RUNPATH_SEARCH_PATHS = (
					"$(inherited)",
					"@executable_path/Frameworks",
					"@loader_path/Frameworks",
				);
				PRODUCT_BUNDLE_IDENTIFIER = SanjidaNisha.RxReminderTests;
				PRODUCT_NAME = "$(TARGET_NAME)";
				SWIFT_VERSION = 5.0;
				TARGETED_DEVICE_FAMILY = "1,2";
				TEST_HOST = "$(BUILT_PRODUCTS_DIR)/RxReminder.app/RxReminder";
			};
			name = Release;
		};
		C7A1C56127B245D500A78B52 /* Debug */ = {
			isa = XCBuildConfiguration;
			baseConfigurationReference = FFAD1A8E77C2F925D9CA07ED /* Pods-RxReminder-RxReminderUITests.debug.xcconfig */;
			buildSettings = {
				ALWAYS_EMBED_SWIFT_STANDARD_LIBRARIES = YES;
				CODE_SIGN_STYLE = Automatic;
				INFOPLIST_FILE = RxReminderUITests/Info.plist;
				LD_RUNPATH_SEARCH_PATHS = (
					"$(inherited)",
					"@executable_path/Frameworks",
					"@loader_path/Frameworks",
				);
				PRODUCT_BUNDLE_IDENTIFIER = SanjidaNisha.RxReminderUITests;
				PRODUCT_NAME = "$(TARGET_NAME)";
				SWIFT_VERSION = 5.0;
				TARGETED_DEVICE_FAMILY = "1,2";
				TEST_TARGET_NAME = RxReminder;
			};
			name = Debug;
		};
		C7A1C56227B245D500A78B52 /* Release */ = {
			isa = XCBuildConfiguration;
			baseConfigurationReference = 1E9F22BF4869CC0A3E982EB3 /* Pods-RxReminder-RxReminderUITests.release.xcconfig */;
			buildSettings = {
				ALWAYS_EMBED_SWIFT_STANDARD_LIBRARIES = YES;
				CODE_SIGN_STYLE = Automatic;
				INFOPLIST_FILE = RxReminderUITests/Info.plist;
				LD_RUNPATH_SEARCH_PATHS = (
					"$(inherited)",
					"@executable_path/Frameworks",
					"@loader_path/Frameworks",
				);
				PRODUCT_BUNDLE_IDENTIFIER = SanjidaNisha.RxReminderUITests;
				PRODUCT_NAME = "$(TARGET_NAME)";
				SWIFT_VERSION = 5.0;
				TARGETED_DEVICE_FAMILY = "1,2";
				TEST_TARGET_NAME = RxReminder;
			};
			name = Release;
		};
/* End XCBuildConfiguration section */

/* Begin XCConfigurationList section */
		C7A1C52B27B245D100A78B52 /* Build configuration list for PBXProject "RxReminder" */ = {
			isa = XCConfigurationList;
			buildConfigurations = (
				C7A1C55827B245D500A78B52 /* Debug */,
				C7A1C55927B245D500A78B52 /* Release */,
			);
			defaultConfigurationIsVisible = 0;
			defaultConfigurationName = Release;
		};
		C7A1C55A27B245D500A78B52 /* Build configuration list for PBXNativeTarget "RxReminder" */ = {
			isa = XCConfigurationList;
			buildConfigurations = (
				C7A1C55B27B245D500A78B52 /* Debug */,
				C7A1C55C27B245D500A78B52 /* Release */,
			);
			defaultConfigurationIsVisible = 0;
			defaultConfigurationName = Release;
		};
		C7A1C55D27B245D500A78B52 /* Build configuration list for PBXNativeTarget "RxReminderTests" */ = {
			isa = XCConfigurationList;
			buildConfigurations = (
				C7A1C55E27B245D500A78B52 /* Debug */,
				C7A1C55F27B245D500A78B52 /* Release */,
			);
			defaultConfigurationIsVisible = 0;
			defaultConfigurationName = Release;
		};
		C7A1C56027B245D500A78B52 /* Build configuration list for PBXNativeTarget "RxReminderUITests" */ = {
			isa = XCConfigurationList;
			buildConfigurations = (
				C7A1C56127B245D500A78B52 /* Debug */,
				C7A1C56227B245D500A78B52 /* Release */,
			);
			defaultConfigurationIsVisible = 0;
			defaultConfigurationName = Release;
		};
/* End XCConfigurationList section */
	};
	rootObject = C7A1C52827B245D100A78B52 /* Project object */;
}
